{
  "version": 4,
  "terraform_version": "1.5.1",
  "serial": 4,
  "lineage": "7c6b560a-1d8e-1046-e0ff-0308a5a451bc",
  "outputs": {
    "PrivateIP": {
      "value": "172.31.15.203",
      "type": "string"
    },
    "PublicIP": {
      "value": "54.252.233.185",
      "type": "string"
    }
  },
  "resources": [
    {
      "mode": "managed",
      "type": "aws_instance",
      "name": "zz-tt-3",
      "provider": "provider[\"registry.terraform.io/hashicorp/aws\"]",
      "instances": [
        {
          "schema_version": 1,
          "attributes": {
            "ami": "ami-0d6294dcaac5546e4",
            "arn": "arn:aws:ec2:ap-southeast-2:899538497933:instance/i-05aa8ad54dba3f74f",
            "associate_public_ip_address": true,
            "availability_zone": "ap-southeast-2a",
            "capacity_reservation_specification": [
              {
                "capacity_reservation_preference": "open",
                "capacity_reservation_target": []
              }
            ],
            "cpu_core_count": 1,
            "cpu_options": [
              {
                "amd_sev_snp": "",
                "core_count": 1,
                "threads_per_core": 1
              }
            ],
            "cpu_threads_per_core": 1,
            "credit_specification": [
              {
                "cpu_credits": "standard"
              }
            ],
            "disable_api_stop": false,
            "disable_api_termination": false,
            "ebs_block_device": [],
            "ebs_optimized": false,
            "enclave_options": [
              {
                "enabled": false
              }
            ],
            "ephemeral_block_device": [],
            "get_password_data": false,
            "hibernation": false,
            "host_id": "",
            "host_resource_group_arn": null,
            "iam_instance_profile": "",
            "id": "i-05aa8ad54dba3f74f",
            "instance_initiated_shutdown_behavior": "stop",
            "instance_lifecycle": "",
            "instance_market_options": [],
            "instance_state": "running",
            "instance_type": "t2.micro",
            "ipv6_address_count": 0,
            "ipv6_addresses": [],
            "key_name": "zz-tt-3-1-key",
            "launch_template": [],
            "maintenance_options": [
              {
                "auto_recovery": "default"
              }
            ],
            "metadata_options": [
              {
                "http_endpoint": "enabled",
                "http_put_response_hop_limit": 1,
                "http_tokens": "optional",
                "instance_metadata_tags": "disabled"
              }
            ],
            "monitoring": false,
            "network_interface": [],
            "outpost_arn": "",
            "password_data": "",
            "placement_group": "",
            "placement_partition_number": 0,
            "primary_network_interface_id": "eni-01d8809944aea7f22",
            "private_dns": "ip-172-31-15-203.ap-southeast-2.compute.internal",
            "private_dns_name_options": [
              {
                "enable_resource_name_dns_a_record": false,
                "enable_resource_name_dns_aaaa_record": false,
                "hostname_type": "ip-name"
              }
            ],
            "private_ip": "172.31.15.203",
            "public_dns": "ec2-54-252-233-185.ap-southeast-2.compute.amazonaws.com",
            "public_ip": "54.252.233.185",
            "root_block_device": [
              {
                "delete_on_termination": true,
                "device_name": "/dev/xvda",
                "encrypted": false,
                "iops": 100,
                "kms_key_id": "",
                "tags": {},
                "throughput": 0,
                "volume_id": "vol-079ed0c223b665584",
                "volume_size": 8,
                "volume_type": "gp2"
              }
            ],
            "secondary_private_ips": [],
            "security_groups": [
              "zz-tt-sg"
            ],
            "source_dest_check": true,
            "spot_instance_request_id": "",
            "subnet_id": "subnet-094213c92c8978f49",
            "tags": {
              "Name": "zz-tt-3-1",
              "Project": "zack-terraform"
            },
            "tags_all": {
              "Name": "zz-tt-3-1",
              "Project": "zack-terraform"
            },
            "tenancy": "default",
            "timeouts": null,
            "user_data": null,
            "user_data_base64": null,
            "user_data_replace_on_change": false,
            "volume_tags": null,
            "vpc_security_group_ids": [
              "sg-03465c5a5801a0e3f"
            ]
          },
          "sensitive_attributes": [],
          "private": "eyJlMmJmYjczMC1lY2FhLTExZTYtOGY4OC0zNDM2M2JjN2M0YzAiOnsiY3JlYXRlIjo2MDAwMDAwMDAwMDAsImRlbGV0ZSI6MTIwMDAwMDAwMDAwMCwidXBkYXRlIjo2MDAwMDAwMDAwMDB9LCJzY2hlbWFfdmVyc2lvbiI6IjEifQ==",
          "dependencies": [
            "aws_key_pair.zztt31key"
          ]
        }
      ]
    },
    {
      "mode": "managed",
      "type": "aws_key_pair",
      "name": "zztt31key",
      "provider": "provider[\"registry.terraform.io/hashicorp/aws\"]",
      "instances": [
        {
          "schema_version": 1,
          "attributes": {
            "arn": "arn:aws:ec2:ap-southeast-2:899538497933:key-pair/zz-tt-3-1-key",
            "fingerprint": "2f:cd:82:b4:84:19:47:ff:8f:48:f7:cc:29:9a:89:e3",
            "id": "zz-tt-3-1-key",
            "key_name": "zz-tt-3-1-key",
            "key_name_prefix": "",
            "key_pair_id": "key-0ab978b3b7940c65e",
            "key_type": "rsa",
            "public_key": "ssh-rsa AAAAB3NzaC1yc2EAAAADAQABAAABgQDsq+Wk8H2ntXgjspCwyZrpGpTfKxC8MJcjsxtQHD6Uar2nB6CQcBor0HqOD30rg1bgQxLXg8je16yduGyOTjd3jxz4bWoM1zoUsPjGlfb3B6yRX9Kr8HBStENbo6zN6mmqHt7RqQj3CeYgxkJmX8k/XzRekvabz9KkOZGFBQ0u7FkBFtsPApy/kYNFiSExvCVk4qWHnCNwfU5UZNdrlJnP2kXjlsRax1FJU1Tzq+FxUnR1++PoePtPRRWAbNRfvhx11kEL9KDkdlyWF3ARgsAjcgDqLl9jkFhkQG0IsY5l88UEmRvVVIY0wabaKX+5Xv2euljpfA694M8g63KCX+Hj3vou7utCh8SVMGMJY6qfoR/BZwpRs3R84Ng2MBBh23NXjhtYxWcrbagpdjdeGi/4ah0+Grh6W1dctCGIt0MRAbTU+epvd3uGCKNTY10z2bu4G9/Gyzl0gC+FeTgKXmY5LXwNQX2bC28uYZKSHWg651kLwUiMcJn92wO3DdMQTr8= zack@DESKTOP-8DT8R80",
            "tags": {},
            "tags_all": {}
          },
          "sensitive_attributes": [],
          "private": "eyJzY2hlbWFfdmVyc2lvbiI6IjEifQ=="
        }
      ]
    }
  ],
  "check_results": null
}
